// !$*UTF8*$!
{
	archiveVersion = 1;
	classes = {
	};
	objectVersion = 55;
	objects = {

/* Begin PBXBuildFile section */
		51B922CF27D51E4A00FA3568 /* NVActivityIndicatorView in Frameworks */ = {isa = PBXBuildFile; productRef = 51B922CE27D51E4A00FA3568 /* NVActivityIndicatorView */; };
		51B922D127D51E4A00FA3568 /* NVActivityIndicatorViewExtended in Frameworks */ = {isa = PBXBuildFile; productRef = 51B922D027D51E4A00FA3568 /* NVActivityIndicatorViewExtended */; };
		51B922D527D5CE5700FA3568 /* BaseViewController.swift in Sources */ = {isa = PBXBuildFile; fileRef = 51B922D427D5CE5700FA3568 /* BaseViewController.swift */; };
		51B922D727D5F3B300FA3568 /* HomeViewUnitTests.swift in Sources */ = {isa = PBXBuildFile; fileRef = 51B922D627D5F3B300FA3568 /* HomeViewUnitTests.swift */; };
		51B922D927D60ABB00FA3568 /* HomeViewUITests.swift in Sources */ = {isa = PBXBuildFile; fileRef = 51B922D827D60ABB00FA3568 /* HomeViewUITests.swift */; };
		51CB9C6827D62DB6009966AE /* UIDevice+Extension.swift in Sources */ = {isa = PBXBuildFile; fileRef = 51CB9C6727D62DB6009966AE /* UIDevice+Extension.swift */; };
		51D3770C27D4AD2200105C61 /* AppDelegate.swift in Sources */ = {isa = PBXBuildFile; fileRef = 51D3770B27D4AD2200105C61 /* AppDelegate.swift */; };
		51D3770E27D4AD2200105C61 /* SceneDelegate.swift in Sources */ = {isa = PBXBuildFile; fileRef = 51D3770D27D4AD2200105C61 /* SceneDelegate.swift */; };
		51D3771327D4AD2200105C61 /* Main.storyboard in Resources */ = {isa = PBXBuildFile; fileRef = 51D3771127D4AD2200105C61 /* Main.storyboard */; };
		51D3771527D4AD2300105C61 /* Assets.xcassets in Resources */ = {isa = PBXBuildFile; fileRef = 51D3771427D4AD2300105C61 /* Assets.xcassets */; };
		51D3771827D4AD2300105C61 /* LaunchScreen.storyboard in Resources */ = {isa = PBXBuildFile; fileRef = 51D3771627D4AD2300105C61 /* LaunchScreen.storyboard */; };
		51D3772327D4AD2300105C61 /* YouGotAGiftCloneTests.swift in Sources */ = {isa = PBXBuildFile; fileRef = 51D3772227D4AD2300105C61 /* YouGotAGiftCloneTests.swift */; };
		51D3772D27D4AD2300105C61 /* YouGotAGiftCloneUITests.swift in Sources */ = {isa = PBXBuildFile; fileRef = 51D3772C27D4AD2300105C61 /* YouGotAGiftCloneUITests.swift */; };
		51D3772F27D4AD2300105C61 /* YouGotAGiftCloneUITestsLaunchTests.swift in Sources */ = {isa = PBXBuildFile; fileRef = 51D3772E27D4AD2300105C61 /* YouGotAGiftCloneUITestsLaunchTests.swift */; };
		51D3773D27D4AD5600105C61 /* UIView+Extension.swift in Sources */ = {isa = PBXBuildFile; fileRef = 51D3773C27D4AD5600105C61 /* UIView+Extension.swift */; };
		51D3774027D4AD8100105C61 /* Common.swift in Sources */ = {isa = PBXBuildFile; fileRef = 51D3773F27D4AD8100105C61 /* Common.swift */; };
		51D3774327D4ADC200105C61 /* NetworkManager.swift in Sources */ = {isa = PBXBuildFile; fileRef = 51D3774227D4ADC200105C61 /* NetworkManager.swift */; };
		51D3774A27D4AE2F00105C61 /* FeaturedProductsModel.swift in Sources */ = {isa = PBXBuildFile; fileRef = 51D3774927D4AE2F00105C61 /* FeaturedProductsModel.swift */; };
		51D3774C27D4AE4A00105C61 /* FeaturedProductsRequestModel.swift in Sources */ = {isa = PBXBuildFile; fileRef = 51D3774B27D4AE4A00105C61 /* FeaturedProductsRequestModel.swift */; };
		51D3774E27D4AE6900105C61 /* HomeViewConroller.swift in Sources */ = {isa = PBXBuildFile; fileRef = 51D3774D27D4AE6900105C61 /* HomeViewConroller.swift */; };
		51D3775127D4AE9800105C61 /* HomeCategoriesCollectionViewCell.swift in Sources */ = {isa = PBXBuildFile; fileRef = 51D3775027D4AE9800105C61 /* HomeCategoriesCollectionViewCell.swift */; };
		51D3775327D4AEAC00105C61 /* HomeBrandsCollectionViewCell.swift in Sources */ = {isa = PBXBuildFile; fileRef = 51D3775227D4AEAC00105C61 /* HomeBrandsCollectionViewCell.swift */; };
		51D3775527D4AED100105C61 /* HomeViewModel.swift in Sources */ = {isa = PBXBuildFile; fileRef = 51D3775427D4AED100105C61 /* HomeViewModel.swift */; };
		51D3775827D4AF0600105C61 /* Home.xcassets in Resources */ = {isa = PBXBuildFile; fileRef = 51D3775727D4AF0600105C61 /* Home.xcassets */; };
		51D3775B27D4AF8900105C61 /* Kingfisher in Frameworks */ = {isa = PBXBuildFile; productRef = 51D3775A27D4AF8900105C61 /* Kingfisher */; };
		51D3775E27D4B19E00105C61 /* HomeCollectionViewExtension.swift in Sources */ = {isa = PBXBuildFile; fileRef = 51D3775D27D4B19E00105C61 /* HomeCollectionViewExtension.swift */; };
		51D3776027D4BCB800105C61 /* UIColor+Extension.swift in Sources */ = {isa = PBXBuildFile; fileRef = 51D3775F27D4BCB800105C61 /* UIColor+Extension.swift */; };
		51D3776227D4C04C00105C61 /* UIImageView+Extension.swift in Sources */ = {isa = PBXBuildFile; fileRef = 51D3776127D4C04C00105C61 /* UIImageView+Extension.swift */; };
		51D3776427D4D3A100105C61 /* UIScrollView+Extension.swift in Sources */ = {isa = PBXBuildFile; fileRef = 51D3776327D4D3A100105C61 /* UIScrollView+Extension.swift */; };
		51D3776627D4D47D00105C61 /* HomeScrollViewExtension.swift in Sources */ = {isa = PBXBuildFile; fileRef = 51D3776527D4D47D00105C61 /* HomeScrollViewExtension.swift */; };
/* End PBXBuildFile section */

/* Begin PBXContainerItemProxy section */
		51D3771F27D4AD2300105C61 /* PBXContainerItemProxy */ = {
			isa = PBXContainerItemProxy;
			containerPortal = 51D3770027D4AD2100105C61 /* Project object */;
			proxyType = 1;
			remoteGlobalIDString = 51D3770727D4AD2200105C61;
			remoteInfo = YouGotAGiftClone;
		};
		51D3772927D4AD2300105C61 /* PBXContainerItemProxy */ = {
			isa = PBXContainerItemProxy;
			containerPortal = 51D3770027D4AD2100105C61 /* Project object */;
			proxyType = 1;
			remoteGlobalIDString = 51D3770727D4AD2200105C61;
			remoteInfo = YouGotAGiftClone;
		};
/* End PBXContainerItemProxy section */

/* Begin PBXFileReference section */
		51B922D427D5CE5700FA3568 /* BaseViewController.swift */ = {isa = PBXFileReference; lastKnownFileType = sourcecode.swift; path = BaseViewController.swift; sourceTree = "<group>"; };
		51B922D627D5F3B300FA3568 /* HomeViewUnitTests.swift */ = {isa = PBXFileReference; lastKnownFileType = sourcecode.swift; path = HomeViewUnitTests.swift; sourceTree = "<group>"; };
		51B922D827D60ABB00FA3568 /* HomeViewUITests.swift */ = {isa = PBXFileReference; lastKnownFileType = sourcecode.swift; path = HomeViewUITests.swift; sourceTree = "<group>"; };
		51CB9C6727D62DB6009966AE /* UIDevice+Extension.swift */ = {isa = PBXFileReference; lastKnownFileType = sourcecode.swift; path = "UIDevice+Extension.swift"; sourceTree = "<group>"; };
		51D3770827D4AD2200105C61 /* YouGotAGiftClone.app */ = {isa = PBXFileReference; explicitFileType = wrapper.application; includeInIndex = 0; path = YouGotAGiftClone.app; sourceTree = BUILT_PRODUCTS_DIR; };
		51D3770B27D4AD2200105C61 /* AppDelegate.swift */ = {isa = PBXFileReference; lastKnownFileType = sourcecode.swift; path = AppDelegate.swift; sourceTree = "<group>"; };
		51D3770D27D4AD2200105C61 /* SceneDelegate.swift */ = {isa = PBXFileReference; lastKnownFileType = sourcecode.swift; path = SceneDelegate.swift; sourceTree = "<group>"; };
		51D3771227D4AD2200105C61 /* Base */ = {isa = PBXFileReference; lastKnownFileType = file.storyboard; name = Base; path = Base.lproj/Main.storyboard; sourceTree = "<group>"; };
		51D3771427D4AD2300105C61 /* Assets.xcassets */ = {isa = PBXFileReference; lastKnownFileType = folder.assetcatalog; path = Assets.xcassets; sourceTree = "<group>"; };
		51D3771727D4AD2300105C61 /* Base */ = {isa = PBXFileReference; lastKnownFileType = file.storyboard; name = Base; path = Base.lproj/LaunchScreen.storyboard; sourceTree = "<group>"; };
		51D3771927D4AD2300105C61 /* Info.plist */ = {isa = PBXFileReference; lastKnownFileType = text.plist.xml; path = Info.plist; sourceTree = "<group>"; };
		51D3771E27D4AD2300105C61 /* YouGotAGiftCloneTests.xctest */ = {isa = PBXFileReference; explicitFileType = wrapper.cfbundle; includeInIndex = 0; path = YouGotAGiftCloneTests.xctest; sourceTree = BUILT_PRODUCTS_DIR; };
		51D3772227D4AD2300105C61 /* YouGotAGiftCloneTests.swift */ = {isa = PBXFileReference; lastKnownFileType = sourcecode.swift; path = YouGotAGiftCloneTests.swift; sourceTree = "<group>"; };
		51D3772827D4AD2300105C61 /* YouGotAGiftCloneUITests.xctest */ = {isa = PBXFileReference; explicitFileType = wrapper.cfbundle; includeInIndex = 0; path = YouGotAGiftCloneUITests.xctest; sourceTree = BUILT_PRODUCTS_DIR; };
		51D3772C27D4AD2300105C61 /* YouGotAGiftCloneUITests.swift */ = {isa = PBXFileReference; lastKnownFileType = sourcecode.swift; path = YouGotAGiftCloneUITests.swift; sourceTree = "<group>"; };
		51D3772E27D4AD2300105C61 /* YouGotAGiftCloneUITestsLaunchTests.swift */ = {isa = PBXFileReference; lastKnownFileType = sourcecode.swift; path = YouGotAGiftCloneUITestsLaunchTests.swift; sourceTree = "<group>"; };
		51D3773C27D4AD5600105C61 /* UIView+Extension.swift */ = {isa = PBXFileReference; lastKnownFileType = sourcecode.swift; path = "UIView+Extension.swift"; sourceTree = "<group>"; };
		51D3773F27D4AD8100105C61 /* Common.swift */ = {isa = PBXFileReference; lastKnownFileType = sourcecode.swift; path = Common.swift; sourceTree = "<group>"; };
		51D3774227D4ADC200105C61 /* NetworkManager.swift */ = {isa = PBXFileReference; lastKnownFileType = sourcecode.swift; path = NetworkManager.swift; sourceTree = "<group>"; };
		51D3774927D4AE2F00105C61 /* FeaturedProductsModel.swift */ = {isa = PBXFileReference; lastKnownFileType = sourcecode.swift; path = FeaturedProductsModel.swift; sourceTree = "<group>"; };
		51D3774B27D4AE4A00105C61 /* FeaturedProductsRequestModel.swift */ = {isa = PBXFileReference; lastKnownFileType = sourcecode.swift; path = FeaturedProductsRequestModel.swift; sourceTree = "<group>"; };
		51D3774D27D4AE6900105C61 /* HomeViewConroller.swift */ = {isa = PBXFileReference; lastKnownFileType = sourcecode.swift; path = HomeViewConroller.swift; sourceTree = "<group>"; };
		51D3775027D4AE9800105C61 /* HomeCategoriesCollectionViewCell.swift */ = {isa = PBXFileReference; lastKnownFileType = sourcecode.swift; path = HomeCategoriesCollectionViewCell.swift; sourceTree = "<group>"; };
		51D3775227D4AEAC00105C61 /* HomeBrandsCollectionViewCell.swift */ = {isa = PBXFileReference; lastKnownFileType = sourcecode.swift; path = HomeBrandsCollectionViewCell.swift; sourceTree = "<group>"; };
		51D3775427D4AED100105C61 /* HomeViewModel.swift */ = {isa = PBXFileReference; lastKnownFileType = sourcecode.swift; path = HomeViewModel.swift; sourceTree = "<group>"; };
		51D3775727D4AF0600105C61 /* Home.xcassets */ = {isa = PBXFileReference; lastKnownFileType = folder.assetcatalog; path = Home.xcassets; sourceTree = "<group>"; };
		51D3775D27D4B19E00105C61 /* HomeCollectionViewExtension.swift */ = {isa = PBXFileReference; lastKnownFileType = sourcecode.swift; path = HomeCollectionViewExtension.swift; sourceTree = "<group>"; };
		51D3775F27D4BCB800105C61 /* UIColor+Extension.swift */ = {isa = PBXFileReference; lastKnownFileType = sourcecode.swift; path = "UIColor+Extension.swift"; sourceTree = "<group>"; };
		51D3776127D4C04C00105C61 /* UIImageView+Extension.swift */ = {isa = PBXFileReference; lastKnownFileType = sourcecode.swift; path = "UIImageView+Extension.swift"; sourceTree = "<group>"; };
		51D3776327D4D3A100105C61 /* UIScrollView+Extension.swift */ = {isa = PBXFileReference; lastKnownFileType = sourcecode.swift; path = "UIScrollView+Extension.swift"; sourceTree = "<group>"; };
		51D3776527D4D47D00105C61 /* HomeScrollViewExtension.swift */ = {isa = PBXFileReference; lastKnownFileType = sourcecode.swift; path = HomeScrollViewExtension.swift; sourceTree = "<group>"; };
/* End PBXFileReference section */

/* Begin PBXFrameworksBuildPhase section */
		51D3770527D4AD2200105C61 /* Frameworks */ = {
			isa = PBXFrameworksBuildPhase;
			buildActionMask = 2147483647;
			files = (
				51B922D127D51E4A00FA3568 /* NVActivityIndicatorViewExtended in Frameworks */,
				51B922CF27D51E4A00FA3568 /* NVActivityIndicatorView in Frameworks */,
				51D3775B27D4AF8900105C61 /* Kingfisher in Frameworks */,
			);
			runOnlyForDeploymentPostprocessing = 0;
		};
		51D3771B27D4AD2300105C61 /* Frameworks */ = {
			isa = PBXFrameworksBuildPhase;
			buildActionMask = 2147483647;
			files = (
			);
			runOnlyForDeploymentPostprocessing = 0;
		};
		51D3772527D4AD2300105C61 /* Frameworks */ = {
			isa = PBXFrameworksBuildPhase;
			buildActionMask = 2147483647;
			files = (
			);
			runOnlyForDeploymentPostprocessing = 0;
		};
/* End PBXFrameworksBuildPhase section */

/* Begin PBXGroup section */
		51D376FF27D4AD2100105C61 = {
			isa = PBXGroup;
			children = (
				51D3770A27D4AD2200105C61 /* YouGotAGiftClone */,
				51D3772127D4AD2300105C61 /* YouGotAGiftCloneTests */,
				51D3772B27D4AD2300105C61 /* YouGotAGiftCloneUITests */,
				51D3770927D4AD2200105C61 /* Products */,
			);
			sourceTree = "<group>";
		};
		51D3770927D4AD2200105C61 /* Products */ = {
			isa = PBXGroup;
			children = (
				51D3770827D4AD2200105C61 /* YouGotAGiftClone.app */,
				51D3771E27D4AD2300105C61 /* YouGotAGiftCloneTests.xctest */,
				51D3772827D4AD2300105C61 /* YouGotAGiftCloneUITests.xctest */,
			);
			name = Products;
			sourceTree = "<group>";
		};
		51D3770A27D4AD2200105C61 /* YouGotAGiftClone */ = {
			isa = PBXGroup;
			children = (
				51D3773E27D4AD7300105C61 /* Common */,
				51D3773B27D4AD3B00105C61 /* Extensions */,
				51D3774127D4ADA900105C61 /* Services */,
				51D3774427D4ADED00105C61 /* AppModules */,
				51D3775627D4AEEF00105C61 /* Assets */,
				51D3770B27D4AD2200105C61 /* AppDelegate.swift */,
				51D3770D27D4AD2200105C61 /* SceneDelegate.swift */,
				51D3771127D4AD2200105C61 /* Main.storyboard */,
				51D3771427D4AD2300105C61 /* Assets.xcassets */,
				51D3771627D4AD2300105C61 /* LaunchScreen.storyboard */,
				51D3771927D4AD2300105C61 /* Info.plist */,
			);
			path = YouGotAGiftClone;
			sourceTree = "<group>";
		};
		51D3772127D4AD2300105C61 /* YouGotAGiftCloneTests */ = {
			isa = PBXGroup;
			children = (
				51B922D627D5F3B300FA3568 /* HomeViewUnitTests.swift */,
				51D3772227D4AD2300105C61 /* YouGotAGiftCloneTests.swift */,
			);
			path = YouGotAGiftCloneTests;
			sourceTree = "<group>";
		};
		51D3772B27D4AD2300105C61 /* YouGotAGiftCloneUITests */ = {
			isa = PBXGroup;
			children = (
				51B922D827D60ABB00FA3568 /* HomeViewUITests.swift */,
				51D3772C27D4AD2300105C61 /* YouGotAGiftCloneUITests.swift */,
				51D3772E27D4AD2300105C61 /* YouGotAGiftCloneUITestsLaunchTests.swift */,
			);
			path = YouGotAGiftCloneUITests;
			sourceTree = "<group>";
		};
		51D3773B27D4AD3B00105C61 /* Extensions */ = {
			isa = PBXGroup;
			children = (
				51D3773C27D4AD5600105C61 /* UIView+Extension.swift */,
				51D3775F27D4BCB800105C61 /* UIColor+Extension.swift */,
				51D3776127D4C04C00105C61 /* UIImageView+Extension.swift */,
				51D3776327D4D3A100105C61 /* UIScrollView+Extension.swift */,
				51CB9C6727D62DB6009966AE /* UIDevice+Extension.swift */,
			);
			path = Extensions;
			sourceTree = "<group>";
		};
		51D3773E27D4AD7300105C61 /* Common */ = {
			isa = PBXGroup;
			children = (
				51D3773F27D4AD8100105C61 /* Common.swift */,
				51B922D427D5CE5700FA3568 /* BaseViewController.swift */,
			);
			path = Common;
			sourceTree = "<group>";
		};
		51D3774127D4ADA900105C61 /* Services */ = {
			isa = PBXGroup;
			children = (
				51D3774227D4ADC200105C61 /* NetworkManager.swift */,
			);
			path = Services;
			sourceTree = "<group>";
		};
		51D3774427D4ADED00105C61 /* AppModules */ = {
			isa = PBXGroup;
			children = (
				51D3774527D4ADFE00105C61 /* Home */,
			);
			path = AppModules;
			sourceTree = "<group>";
		};
		51D3774527D4ADFE00105C61 /* Home */ = {
			isa = PBXGroup;
			children = (
				51D3774627D4AE0700105C61 /* Model */,
				51D3774827D4AE1500105C61 /* View */,
				51D3774727D4AE0C00105C61 /* ViewModel */,
			);
			path = Home;
			sourceTree = "<group>";
		};
		51D3774627D4AE0700105C61 /* Model */ = {
			isa = PBXGroup;
			children = (
				51D3774927D4AE2F00105C61 /* FeaturedProductsModel.swift */,
				51D3774B27D4AE4A00105C61 /* FeaturedProductsRequestModel.swift */,
			);
			path = Model;
			sourceTree = "<group>";
		};
		51D3774727D4AE0C00105C61 /* ViewModel */ = {
			isa = PBXGroup;
			children = (
				51D3775427D4AED100105C61 /* HomeViewModel.swift */,
			);
			path = ViewModel;
			sourceTree = "<group>";
		};
		51D3774827D4AE1500105C61 /* View */ = {
			isa = PBXGroup;
			children = (
				51D3775C27D4B18500105C61 /* Extensions */,
				51D3774F27D4AE7E00105C61 /* Cells */,
				51D3774D27D4AE6900105C61 /* HomeViewConroller.swift */,
			);
			path = View;
			sourceTree = "<group>";
		};
		51D3774F27D4AE7E00105C61 /* Cells */ = {
			isa = PBXGroup;
			children = (
				51D3775027D4AE9800105C61 /* HomeCategoriesCollectionViewCell.swift */,
				51D3775227D4AEAC00105C61 /* HomeBrandsCollectionViewCell.swift */,
			);
			path = Cells;
			sourceTree = "<group>";
		};
		51D3775627D4AEEF00105C61 /* Assets */ = {
			isa = PBXGroup;
			children = (
				51D3775727D4AF0600105C61 /* Home.xcassets */,
			);
			path = Assets;
			sourceTree = "<group>";
		};
		51D3775C27D4B18500105C61 /* Extensions */ = {
			isa = PBXGroup;
			children = (
				51D3775D27D4B19E00105C61 /* HomeCollectionViewExtension.swift */,
				51D3776527D4D47D00105C61 /* HomeScrollViewExtension.swift */,
			);
			path = Extensions;
			sourceTree = "<group>";
		};
/* End PBXGroup section */

/* Begin PBXNativeTarget section */
		51D3770727D4AD2200105C61 /* YouGotAGiftClone */ = {
			isa = PBXNativeTarget;
			buildConfigurationList = 51D3773227D4AD2300105C61 /* Build configuration list for PBXNativeTarget "YouGotAGiftClone" */;
			buildPhases = (
				51D3770427D4AD2200105C61 /* Sources */,
				51D3770527D4AD2200105C61 /* Frameworks */,
				51D3770627D4AD2200105C61 /* Resources */,
			);
			buildRules = (
			);
			dependencies = (
			);
			name = YouGotAGiftClone;
			packageProductDependencies = (
				51D3775A27D4AF8900105C61 /* Kingfisher */,
				51B922CE27D51E4A00FA3568 /* NVActivityIndicatorView */,
				51B922D027D51E4A00FA3568 /* NVActivityIndicatorViewExtended */,
			);
			productName = YouGotAGiftClone;
			productReference = 51D3770827D4AD2200105C61 /* YouGotAGiftClone.app */;
			productType = "com.apple.product-type.application";
		};
		51D3771D27D4AD2300105C61 /* YouGotAGiftCloneTests */ = {
			isa = PBXNativeTarget;
			buildConfigurationList = 51D3773527D4AD2300105C61 /* Build configuration list for PBXNativeTarget "YouGotAGiftCloneTests" */;
			buildPhases = (
				51D3771A27D4AD2300105C61 /* Sources */,
				51D3771B27D4AD2300105C61 /* Frameworks */,
				51D3771C27D4AD2300105C61 /* Resources */,
			);
			buildRules = (
			);
			dependencies = (
				51D3772027D4AD2300105C61 /* PBXTargetDependency */,
			);
			name = YouGotAGiftCloneTests;
			productName = YouGotAGiftCloneTests;
			productReference = 51D3771E27D4AD2300105C61 /* YouGotAGiftCloneTests.xctest */;
			productType = "com.apple.product-type.bundle.unit-test";
		};
		51D3772727D4AD2300105C61 /* YouGotAGiftCloneUITests */ = {
			isa = PBXNativeTarget;
			buildConfigurationList = 51D3773827D4AD2300105C61 /* Build configuration list for PBXNativeTarget "YouGotAGiftCloneUITests" */;
			buildPhases = (
				51D3772427D4AD2300105C61 /* Sources */,
				51D3772527D4AD2300105C61 /* Frameworks */,
				51D3772627D4AD2300105C61 /* Resources */,
			);
			buildRules = (
			);
			dependencies = (
				51D3772A27D4AD2300105C61 /* PBXTargetDependency */,
			);
			name = YouGotAGiftCloneUITests;
			productName = YouGotAGiftCloneUITests;
			productReference = 51D3772827D4AD2300105C61 /* YouGotAGiftCloneUITests.xctest */;
			productType = "com.apple.product-type.bundle.ui-testing";
		};
/* End PBXNativeTarget section */

/* Begin PBXProject section */
		51D3770027D4AD2100105C61 /* Project object */ = {
			isa = PBXProject;
			attributes = {
				BuildIndependentTargetsInParallel = 1;
				LastSwiftUpdateCheck = 1320;
				LastUpgradeCheck = 1320;
				TargetAttributes = {
					51D3770727D4AD2200105C61 = {
						CreatedOnToolsVersion = 13.2.1;
					};
					51D3771D27D4AD2300105C61 = {
						CreatedOnToolsVersion = 13.2.1;
						TestTargetID = 51D3770727D4AD2200105C61;
					};
					51D3772727D4AD2300105C61 = {
						CreatedOnToolsVersion = 13.2.1;
						TestTargetID = 51D3770727D4AD2200105C61;
					};
				};
			};
			buildConfigurationList = 51D3770327D4AD2100105C61 /* Build configuration list for PBXProject "YouGotAGiftClone" */;
			compatibilityVersion = "Xcode 13.0";
			developmentRegion = en;
			hasScannedForEncodings = 0;
			knownRegions = (
				en,
				Base,
			);
			mainGroup = 51D376FF27D4AD2100105C61;
			packageReferences = (
				51D3775927D4AF8900105C61 /* XCRemoteSwiftPackageReference "Kingfisher" */,
				51B922CD27D51E4A00FA3568 /* XCRemoteSwiftPackageReference "NVActivityIndicatorView" */,
			);
			productRefGroup = 51D3770927D4AD2200105C61 /* Products */;
			projectDirPath = "";
			projectRoot = "";
			targets = (
				51D3770727D4AD2200105C61 /* YouGotAGiftClone */,
				51D3771D27D4AD2300105C61 /* YouGotAGiftCloneTests */,
				51D3772727D4AD2300105C61 /* YouGotAGiftCloneUITests */,
			);
		};
/* End PBXProject section */

/* Begin PBXResourcesBuildPhase section */
		51D3770627D4AD2200105C61 /* Resources */ = {
			isa = PBXResourcesBuildPhase;
			buildActionMask = 2147483647;
			files = (
				51D3771827D4AD2300105C61 /* LaunchScreen.storyboard in Resources */,
				51D3771527D4AD2300105C61 /* Assets.xcassets in Resources */,
				51D3775827D4AF0600105C61 /* Home.xcassets in Resources */,
				51D3771327D4AD2200105C61 /* Main.storyboard in Resources */,
			);
			runOnlyForDeploymentPostprocessing = 0;
		};
		51D3771C27D4AD2300105C61 /* Resources */ = {
			isa = PBXResourcesBuildPhase;
			buildActionMask = 2147483647;
			files = (
			);
			runOnlyForDeploymentPostprocessing = 0;
		};
		51D3772627D4AD2300105C61 /* Resources */ = {
			isa = PBXResourcesBuildPhase;
			buildActionMask = 2147483647;
			files = (
			);
			runOnlyForDeploymentPostprocessing = 0;
		};
/* End PBXResourcesBuildPhase section */

/* Begin PBXSourcesBuildPhase section */
		51D3770427D4AD2200105C61 /* Sources */ = {
			isa = PBXSourcesBuildPhase;
			buildActionMask = 2147483647;
			files = (
				51D3775E27D4B19E00105C61 /* HomeCollectionViewExtension.swift in Sources */,
				51D3775127D4AE9800105C61 /* HomeCategoriesCollectionViewCell.swift in Sources */,
				51D3776227D4C04C00105C61 /* UIImageView+Extension.swift in Sources */,
				51D3775527D4AED100105C61 /* HomeViewModel.swift in Sources */,
				51B922D527D5CE5700FA3568 /* BaseViewController.swift in Sources */,
				51D3776427D4D3A100105C61 /* UIScrollView+Extension.swift in Sources */,
				51D3774327D4ADC200105C61 /* NetworkManager.swift in Sources */,
				51D3774C27D4AE4A00105C61 /* FeaturedProductsRequestModel.swift in Sources */,
				51D3775327D4AEAC00105C61 /* HomeBrandsCollectionViewCell.swift in Sources */,
				51D3776627D4D47D00105C61 /* HomeScrollViewExtension.swift in Sources */,
				51D3774A27D4AE2F00105C61 /* FeaturedProductsModel.swift in Sources */,
				51D3770C27D4AD2200105C61 /* AppDelegate.swift in Sources */,
				51D3773D27D4AD5600105C61 /* UIView+Extension.swift in Sources */,
				51CB9C6827D62DB6009966AE /* UIDevice+Extension.swift in Sources */,
				51D3774027D4AD8100105C61 /* Common.swift in Sources */,
				51D3776027D4BCB800105C61 /* UIColor+Extension.swift in Sources */,
				51D3774E27D4AE6900105C61 /* HomeViewConroller.swift in Sources */,
				51D3770E27D4AD2200105C61 /* SceneDelegate.swift in Sources */,
			);
			runOnlyForDeploymentPostprocessing = 0;
		};
		51D3771A27D4AD2300105C61 /* Sources */ = {
			isa = PBXSourcesBuildPhase;
			buildActionMask = 2147483647;
			files = (
				51D3772327D4AD2300105C61 /* YouGotAGiftCloneTests.swift in Sources */,
				51B922D727D5F3B300FA3568 /* HomeViewUnitTests.swift in Sources */,
			);
			runOnlyForDeploymentPostprocessing = 0;
		};
		51D3772427D4AD2300105C61 /* Sources */ = {
			isa = PBXSourcesBuildPhase;
			buildActionMask = 2147483647;
			files = (
				51D3772D27D4AD2300105C61 /* YouGotAGiftCloneUITests.swift in Sources */,
				51D3772F27D4AD2300105C61 /* YouGotAGiftCloneUITestsLaunchTests.swift in Sources */,
				51B922D927D60ABB00FA3568 /* HomeViewUITests.swift in Sources */,
			);
			runOnlyForDeploymentPostprocessing = 0;
		};
/* End PBXSourcesBuildPhase section */

/* Begin PBXTargetDependency section */
		51D3772027D4AD2300105C61 /* PBXTargetDependency */ = {
			isa = PBXTargetDependency;
			target = 51D3770727D4AD2200105C61 /* YouGotAGiftClone */;
			targetProxy = 51D3771F27D4AD2300105C61 /* PBXContainerItemProxy */;
		};
		51D3772A27D4AD2300105C61 /* PBXTargetDependency */ = {
			isa = PBXTargetDependency;
			target = 51D3770727D4AD2200105C61 /* YouGotAGiftClone */;
			targetProxy = 51D3772927D4AD2300105C61 /* PBXContainerItemProxy */;
		};
/* End PBXTargetDependency section */

/* Begin PBXVariantGroup section */
		51D3771127D4AD2200105C61 /* Main.storyboard */ = {
			isa = PBXVariantGroup;
			children = (
				51D3771227D4AD2200105C61 /* Base */,
			);
			name = Main.storyboard;
			sourceTree = "<group>";
		};
		51D3771627D4AD2300105C61 /* LaunchScreen.storyboard */ = {
			isa = PBXVariantGroup;
			children = (
				51D3771727D4AD2300105C61 /* Base */,
			);
			name = LaunchScreen.storyboard;
			sourceTree = "<group>";
		};
/* End PBXVariantGroup section */

/* Begin XCBuildConfiguration section */
		51D3773027D4AD2300105C61 /* Debug */ = {
			isa = XCBuildConfiguration;
			buildSettings = {
				ALWAYS_SEARCH_USER_PATHS = NO;
				CLANG_ANALYZER_NONNULL = YES;
				CLANG_ANALYZER_NUMBER_OBJECT_CONVERSION = YES_AGGRESSIVE;
				CLANG_CXX_LANGUAGE_STANDARD = "gnu++17";
				CLANG_CXX_LIBRARY = "libc++";
				CLANG_ENABLE_MODULES = YES;
				CLANG_ENABLE_OBJC_ARC = YES;
				CLANG_ENABLE_OBJC_WEAK = YES;
				CLANG_WARN_BLOCK_CAPTURE_AUTORELEASING = YES;
				CLANG_WARN_BOOL_CONVERSION = YES;
				CLANG_WARN_COMMA = YES;
				CLANG_WARN_CONSTANT_CONVERSION = YES;
				CLANG_WARN_DEPRECATED_OBJC_IMPLEMENTATIONS = YES;
				CLANG_WARN_DIRECT_OBJC_ISA_USAGE = YES_ERROR;
				CLANG_WARN_DOCUMENTATION_COMMENTS = YES;
				CLANG_WARN_EMPTY_BODY = YES;
				CLANG_WARN_ENUM_CONVERSION = YES;
				CLANG_WARN_INFINITE_RECURSION = YES;
				CLANG_WARN_INT_CONVERSION = YES;
				CLANG_WARN_NON_LITERAL_NULL_CONVERSION = YES;
				CLANG_WARN_OBJC_IMPLICIT_RETAIN_SELF = YES;
				CLANG_WARN_OBJC_LITERAL_CONVERSION = YES;
				CLANG_WARN_OBJC_ROOT_CLASS = YES_ERROR;
				CLANG_WARN_QUOTED_INCLUDE_IN_FRAMEWORK_HEADER = YES;
				CLANG_WARN_RANGE_LOOP_ANALYSIS = YES;
				CLANG_WARN_STRICT_PROTOTYPES = YES;
				CLANG_WARN_SUSPICIOUS_MOVE = YES;
				CLANG_WARN_UNGUARDED_AVAILABILITY = YES_AGGRESSIVE;
				CLANG_WARN_UNREACHABLE_CODE = YES;
				CLANG_WARN__DUPLICATE_METHOD_MATCH = YES;
				COPY_PHASE_STRIP = NO;
				DEBUG_INFORMATION_FORMAT = dwarf;
				ENABLE_STRICT_OBJC_MSGSEND = YES;
				ENABLE_TESTABILITY = YES;
				GCC_C_LANGUAGE_STANDARD = gnu11;
				GCC_DYNAMIC_NO_PIC = NO;
				GCC_NO_COMMON_BLOCKS = YES;
				GCC_OPTIMIZATION_LEVEL = 0;
				GCC_PREPROCESSOR_DEFINITIONS = (
					"DEBUG=1",
					"$(inherited)",
				);
				GCC_WARN_64_TO_32_BIT_CONVERSION = YES;
				GCC_WARN_ABOUT_RETURN_TYPE = YES_ERROR;
				GCC_WARN_UNDECLARED_SELECTOR = YES;
				GCC_WARN_UNINITIALIZED_AUTOS = YES_AGGRESSIVE;
				GCC_WARN_UNUSED_FUNCTION = YES;
				GCC_WARN_UNUSED_VARIABLE = YES;
				IPHONEOS_DEPLOYMENT_TARGET = 15.2;
				MTL_ENABLE_DEBUG_INFO = INCLUDE_SOURCE;
				MTL_FAST_MATH = YES;
				ONLY_ACTIVE_ARCH = YES;
				SDKROOT = iphoneos;
				SWIFT_ACTIVE_COMPILATION_CONDITIONS = DEBUG;
				SWIFT_OPTIMIZATION_LEVEL = "-Onone";
			};
			name = Debug;
		};
		51D3773127D4AD2300105C61 /* Release */ = {
			isa = XCBuildConfiguration;
			buildSettings = {
				ALWAYS_SEARCH_USER_PATHS = NO;
				CLANG_ANALYZER_NONNULL = YES;
				CLANG_ANALYZER_NUMBER_OBJECT_CONVERSION = YES_AGGRESSIVE;
				CLANG_CXX_LANGUAGE_STANDARD = "gnu++17";
				CLANG_CXX_LIBRARY = "libc++";
				CLANG_ENABLE_MODULES = YES;
				CLANG_ENABLE_OBJC_ARC = YES;
				CLANG_ENABLE_OBJC_WEAK = YES;
				CLANG_WARN_BLOCK_CAPTURE_AUTORELEASING = YES;
				CLANG_WARN_BOOL_CONVERSION = YES;
				CLANG_WARN_COMMA = YES;
				CLANG_WARN_CONSTANT_CONVERSION = YES;
				CLANG_WARN_DEPRECATED_OBJC_IMPLEMENTATIONS = YES;
				CLANG_WARN_DIRECT_OBJC_ISA_USAGE = YES_ERROR;
				CLANG_WARN_DOCUMENTATION_COMMENTS = YES;
				CLANG_WARN_EMPTY_BODY = YES;
				CLANG_WARN_ENUM_CONVERSION = YES;
				CLANG_WARN_INFINITE_RECURSION = YES;
				CLANG_WARN_INT_CONVERSION = YES;
				CLANG_WARN_NON_LITERAL_NULL_CONVERSION = YES;
				CLANG_WARN_OBJC_IMPLICIT_RETAIN_SELF = YES;
				CLANG_WARN_OBJC_LITERAL_CONVERSION = YES;
				CLANG_WARN_OBJC_ROOT_CLASS = YES_ERROR;
				CLANG_WARN_QUOTED_INCLUDE_IN_FRAMEWORK_HEADER = YES;
				CLANG_WARN_RANGE_LOOP_ANALYSIS = YES;
				CLANG_WARN_STRICT_PROTOTYPES = YES;
				CLANG_WARN_SUSPICIOUS_MOVE = YES;
				CLANG_WARN_UNGUARDED_AVAILABILITY = YES_AGGRESSIVE;
				CLANG_WARN_UNREACHABLE_CODE = YES;
				CLANG_WARN__DUPLICATE_METHOD_MATCH = YES;
				COPY_PHASE_STRIP = NO;
				DEBUG_INFORMATION_FORMAT = "dwarf-with-dsym";
				ENABLE_NS_ASSERTIONS = NO;
				ENABLE_STRICT_OBJC_MSGSEND = YES;
				GCC_C_LANGUAGE_STANDARD = gnu11;
				GCC_NO_COMMON_BLOCKS = YES;
				GCC_WARN_64_TO_32_BIT_CONVERSION = YES;
				GCC_WARN_ABOUT_RETURN_TYPE = YES_ERROR;
				GCC_WARN_UNDECLARED_SELECTOR = YES;
				GCC_WARN_UNINITIALIZED_AUTOS = YES_AGGRESSIVE;
				GCC_WARN_UNUSED_FUNCTION = YES;
				GCC_WARN_UNUSED_VARIABLE = YES;
				IPHONEOS_DEPLOYMENT_TARGET = 15.2;
				MTL_ENABLE_DEBUG_INFO = NO;
				MTL_FAST_MATH = YES;
				SDKROOT = iphoneos;
				SWIFT_COMPILATION_MODE = wholemodule;
				SWIFT_OPTIMIZATION_LEVEL = "-O";
				VALIDATE_PRODUCT = YES;
			};
			name = Release;
		};
		51D3773327D4AD2300105C61 /* Debug */ = {
			isa = XCBuildConfiguration;
			buildSettings = {
				ASSETCATALOG_COMPILER_APPICON_NAME = AppIcon;
				ASSETCATALOG_COMPILER_GLOBAL_ACCENT_COLOR_NAME = AccentColor;
				CODE_SIGN_STYLE = Automatic;
				CURRENT_PROJECT_VERSION = 1;
				DEVELOPMENT_TEAM = R2Q2A382W5;
				GENERATE_INFOPLIST_FILE = YES;
				INFOPLIST_FILE = YouGotAGiftClone/Info.plist;
				INFOPLIST_KEY_UIApplicationSupportsIndirectInputEvents = YES;
				INFOPLIST_KEY_UILaunchStoryboardName = LaunchScreen;
				INFOPLIST_KEY_UIMainStoryboardFile = Main;
				INFOPLIST_KEY_UISupportedInterfaceOrientations_iPad = "UIInterfaceOrientationPortrait UIInterfaceOrientationPortraitUpsideDown UIInterfaceOrientationLandscapeLeft UIInterfaceOrientationLandscapeRight";
				INFOPLIST_KEY_UISupportedInterfaceOrientations_iPhone = "UIInterfaceOrientationPortrait UIInterfaceOrientationLandscapeLeft UIInterfaceOrientationLandscapeRight";
				LD_RUNPATH_SEARCH_PATHS = (
					"$(inherited)",
					"@executable_path/Frameworks",
				);
				MARKETING_VERSION = 1.0;
				PRODUCT_BUNDLE_IDENTIFIER = com.naval.YouGotAGiftClone;
				PRODUCT_NAME = "$(TARGET_NAME)";
				SWIFT_EMIT_LOC_STRINGS = YES;
				SWIFT_VERSION = 5.0;
				TARGETED_DEVICE_FAMILY = "1,2";
			};
			name = Debug;
		};
		51D3773427D4AD2300105C61 /* Release */ = {
			isa = XCBuildConfiguration;
			buildSettings = {
				ASSETCATALOG_COMPILER_APPICON_NAME = AppIcon;
				ASSETCATALOG_COMPILER_GLOBAL_ACCENT_COLOR_NAME = AccentColor;
				CODE_SIGN_STYLE = Automatic;
				CURRENT_PROJECT_VERSION = 1;
				DEVELOPMENT_TEAM = R2Q2A382W5;
				GENERATE_INFOPLIST_FILE = YES;
				INFOPLIST_FILE = YouGotAGiftClone/Info.plist;
				INFOPLIST_KEY_UIApplicationSupportsIndirectInputEvents = YES;
				INFOPLIST_KEY_UILaunchStoryboardName = LaunchScreen;
				INFOPLIST_KEY_UIMainStoryboardFile = Main;
				INFOPLIST_KEY_UISupportedInterfaceOrientations_iPad = "UIInterfaceOrientationPortrait UIInterfaceOrientationPortraitUpsideDown UIInterfaceOrientationLandscapeLeft UIInterfaceOrientationLandscapeRight";
				INFOPLIST_KEY_UISupportedInterfaceOrientations_iPhone = "UIInterfaceOrientationPortrait UIInterfaceOrientationLandscapeLeft UIInterfaceOrientationLandscapeRight";
				LD_RUNPATH_SEARCH_PATHS = (
					"$(inherited)",
					"@executable_path/Frameworks",
				);
				MARKETING_VERSION = 1.0;
				PRODUCT_BUNDLE_IDENTIFIER = com.naval.YouGotAGiftClone;
				PRODUCT_NAME = "$(TARGET_NAME)";
				SWIFT_EMIT_LOC_STRINGS = YES;
				SWIFT_VERSION = 5.0;
				TARGETED_DEVICE_FAMILY = "1,2";
			};
			name = Release;
		};
		51D3773627D4AD2300105C61 /* Debug */ = {
			isa = XCBuildConfiguration;
			buildSettings = {
				ALWAYS_EMBED_SWIFT_STANDARD_LIBRARIES = YES;
				BUNDLE_LOADER = "$(TEST_HOST)";
				CODE_SIGN_STYLE = Automatic;
				CURRENT_PROJECT_VERSION = 1;
				DEVELOPMENT_TEAM = R2Q2A382W5;
				GENERATE_INFOPLIST_FILE = YES;
				IPHONEOS_DEPLOYMENT_TARGET = 15.2;
				MARKETING_VERSION = 1.0;
				PRODUCT_BUNDLE_IDENTIFIER = com.naval.YouGotAGiftCloneTests;
				PRODUCT_NAME = "$(TARGET_NAME)";
				SWIFT_EMIT_LOC_STRINGS = NO;
				SWIFT_VERSION = 5.0;
				TARGETED_DEVICE_FAMILY = "1,2";
				TEST_HOST = "$(BUILT_PRODUCTS_DIR)/YouGotAGiftClone.app/YouGotAGiftClone";
			};
			name = Debug;
		};
		51D3773727D4AD2300105C61 /* Release */ = {
			isa = XCBuildConfiguration;
			buildSettings = {
				ALWAYS_EMBED_SWIFT_STANDARD_LIBRARIES = YES;
				BUNDLE_LOADER = "$(TEST_HOST)";
				CODE_SIGN_STYLE = Automatic;
				CURRENT_PROJECT_VERSION = 1;
				DEVELOPMENT_TEAM = R2Q2A382W5;
				GENERATE_INFOPLIST_FILE = YES;
				IPHONEOS_DEPLOYMENT_TARGET = 15.2;
				MARKETING_VERSION = 1.0;
				PRODUCT_BUNDLE_IDENTIFIER = com.naval.YouGotAGiftCloneTests;
				PRODUCT_NAME = "$(TARGET_NAME)";
				SWIFT_EMIT_LOC_STRINGS = NO;
				SWIFT_VERSION = 5.0;
				TARGETED_DEVICE_FAMILY = "1,2";
				TEST_HOST = "$(BUILT_PRODUCTS_DIR)/YouGotAGiftClone.app/YouGotAGiftClone";
			};
			name = Release;
		};
		51D3773927D4AD2300105C61 /* Debug */ = {
			isa = XCBuildConfiguration;
			buildSettings = {
				ALWAYS_EMBED_SWIFT_STANDARD_LIBRARIES = YES;
				CODE_SIGN_STYLE = Automatic;
				CURRENT_PROJECT_VERSION = 1;
				DEVELOPMENT_TEAM = R2Q2A382W5;
				GENERATE_INFOPLIST_FILE = YES;
				MARKETING_VERSION = 1.0;
				PRODUCT_BUNDLE_IDENTIFIER = com.naval.YouGotAGiftCloneUITests;
				PRODUCT_NAME = "$(TARGET_NAME)";
				SWIFT_EMIT_LOC_STRINGS = NO;
				SWIFT_VERSION = 5.0;
				TARGETED_DEVICE_FAMILY = "1,2";
				TEST_TARGET_NAME = YouGotAGiftClone;
			};
			name = Debug;
		};
		51D3773A27D4AD2300105C61 /* Release */ = {
			isa = XCBuildConfiguration;
			buildSettings = {
				ALWAYS_EMBED_SWIFT_STANDARD_LIBRARIES = YES;
				CODE_SIGN_STYLE = Automatic;
				CURRENT_PROJECT_VERSION = 1;
				DEVELOPMENT_TEAM = R2Q2A382W5;
				GENERATE_INFOPLIST_FILE = YES;
				MARKETING_VERSION = 1.0;
				PRODUCT_BUNDLE_IDENTIFIER = com.naval.YouGotAGiftCloneUITests;
				PRODUCT_NAME = "$(TARGET_NAME)";
				SWIFT_EMIT_LOC_STRINGS = NO;
				SWIFT_VERSION = 5.0;
				TARGETED_DEVICE_FAMILY = "1,2";
				TEST_TARGET_NAME = YouGotAGiftClone;
			};
			name = Release;
		};
/* End XCBuildConfiguration section */

/* Begin XCConfigurationList section */
		51D3770327D4AD2100105C61 /* Build configuration list for PBXProject "YouGotAGiftClone" */ = {
			isa = XCConfigurationList;
			buildConfigurations = (
				51D3773027D4AD2300105C61 /* Debug */,
				51D3773127D4AD2300105C61 /* Release */,
			);
			defaultConfigurationIsVisible = 0;
			defaultConfigurationName = Release;
		};
		51D3773227D4AD2300105C61 /* Build configuration list for PBXNativeTarget "YouGotAGiftClone" */ = {
			isa = XCConfigurationList;
			buildConfigurations = (
				51D3773327D4AD2300105C61 /* Debug */,
				51D3773427D4AD2300105C61 /* Release */,
			);
			defaultConfigurationIsVisible = 0;
			defaultConfigurationName = Release;
		};
		51D3773527D4AD2300105C61 /* Build configuration list for PBXNativeTarget "YouGotAGiftCloneTests" */ = {
			isa = XCConfigurationList;
			buildConfigurations = (
				51D3773627D4AD2300105C61 /* Debug */,
				51D3773727D4AD2300105C61 /* Release */,
			);
			defaultConfigurationIsVisible = 0;
			defaultConfigurationName = Release;
		};
		51D3773827D4AD2300105C61 /* Build configuration list for PBXNativeTarget "YouGotAGiftCloneUITests" */ = {
			isa = XCConfigurationList;
			buildConfigurations = (
				51D3773927D4AD2300105C61 /* Debug */,
				51D3773A27D4AD2300105C61 /* Release */,
			);
			defaultConfigurationIsVisible = 0;
			defaultConfigurationName = Release;
		};
/* End XCConfigurationList section */

/* Begin XCRemoteSwiftPackageReference section */
		51B922CD27D51E4A00FA3568 /* XCRemoteSwiftPackageReference "NVActivityIndicatorView" */ = {
			isa = XCRemoteSwiftPackageReference;
			repositoryURL = "https://github.com/ninjaprox/NVActivityIndicatorView.git";
			requirement = {
				kind = upToNextMajorVersion;
				minimumVersion = 5.0.0;
			};
		};
		51D3775927D4AF8900105C61 /* XCRemoteSwiftPackageReference "Kingfisher" */ = {
			isa = XCRemoteSwiftPackageReference;
			repositoryURL = "https://github.com/onevcat/Kingfisher.git";
			requirement = {
				kind = upToNextMajorVersion;
				minimumVersion = 7.0.0;
			};
		};
/* End XCRemoteSwiftPackageReference section */

/* Begin XCSwiftPackageProductDependency section */
		51B922CE27D51E4A00FA3568 /* NVActivityIndicatorView */ = {
			isa = XCSwiftPackageProductDependency;
			package = 51B922CD27D51E4A00FA3568 /* XCRemoteSwiftPackageReference "NVActivityIndicatorView" */;
			productName = NVActivityIndicatorView;
		};
		51B922D027D51E4A00FA3568 /* NVActivityIndicatorViewExtended */ = {
			isa = XCSwiftPackageProductDependency;
			package = 51B922CD27D51E4A00FA3568 /* XCRemoteSwiftPackageReference "NVActivityIndicatorView" */;
			productName = NVActivityIndicatorViewExtended;
		};
		51D3775A27D4AF8900105C61 /* Kingfisher */ = {
			isa = XCSwiftPackageProductDependency;
			package = 51D3775927D4AF8900105C61 /* XCRemoteSwiftPackageReference "Kingfisher" */;
			productName = Kingfisher;
		};
/* End XCSwiftPackageProductDependency section */
	};
	rootObject = 51D3770027D4AD2100105C61 /* Project object */;
}
